
Microsoft Visual Studio Solution File, Format Version 12.00
# Visual Studio Version 16
VisualStudioVersion = 16.0.32126.315
MinimumVisualStudioVersion = 10.0.40219.1
Project("{FAE04EC0-301F-11D3-BF4B-00C04F79EFBC}") = "DoorbellApi", "DoorbellApi.csproj", "{A3086E76-BDA4-46B7-8DE4-F3B35D352706}"
EndProject
Global
	GlobalSection(SolutionConfigurationPlatforms) = preSolution
		Debug|Any CPU = Debug|Any CPU
		Release|Any CPU = Release|Any CPU
	EndGlobalSection
	GlobalSection(ProjectConfigurationPlatforms) = postSolution
		{A3086E76-BDA4-46B7-8DE4-F3B35D352706}.Debug|Any CPU.ActiveCfg = Debug|Any CPU
		{A3086E76-BDA4-46B7-8DE4-F3B35D352706}.Debug|Any CPU.Build.0 = Debug|Any CPU
		{A3086E76-BDA4-46B7-8DE4-F3B35D352706}.Release|Any CPU.ActiveCfg = Release|Any CPU
		{A3086E76-BDA4-46B7-8DE4-F3B35D352706}.Release|Any CPU.Build.0 = Release|Any CPU
	EndGlobalSection
	GlobalSection(SolutionProperties) = preSolution
		HideSolutionNode = FALSE
	EndGlobalSection
	GlobalSection(ExtensibilityGlobals) = postSolution
		SolutionGuid = {B464ECB4-4355-43BC-A4FE-F1FF5F0313FE}
	EndGlobalSection
EndGlobal
